
Microsoft Visual Studio Solution File, Format Version 12.00
# Visual Studio 15
VisualStudioVersion = 15.0.26430.6
MinimumVisualStudioVersion = 10.0.40219.1
Project("{FAE04EC0-301F-11D3-BF4B-00C04F79EFBC}") = "WebConsumeAPI", "WebConsumeAPI\WebConsumeAPI.csproj", "{21227AEA-8605-40D3-9827-7586E4812351}"
EndProject
Project("{FAE04EC0-301F-11D3-BF4B-00C04F79EFBC}") = "WebConsumeAPI.Tests", "WebConsumeAPI.Tests\WebConsumeAPI.Tests.csproj", "{CF5A22BA-917F-46D9-8DA2-9208CFB870FD}"
EndProject
Global
	GlobalSection(SolutionConfigurationPlatforms) = preSolution
		Debug|Any CPU = Debug|Any CPU
		Release|Any CPU = Release|Any CPU
	EndGlobalSection
	GlobalSection(ProjectConfigurationPlatforms) = postSolution
		{21227AEA-8605-40D3-9827-7586E4812351}.Debug|Any CPU.ActiveCfg = Debug|Any CPU
		{21227AEA-8605-40D3-9827-7586E4812351}.Debug|Any CPU.Build.0 = Debug|Any CPU
		{21227AEA-8605-40D3-9827-7586E4812351}.Release|Any CPU.ActiveCfg = Release|Any CPU
		{21227AEA-8605-40D3-9827-7586E4812351}.Release|Any CPU.Build.0 = Release|Any CPU
		{CF5A22BA-917F-46D9-8DA2-9208CFB870FD}.Debug|Any CPU.ActiveCfg = Debug|Any CPU
		{CF5A22BA-917F-46D9-8DA2-9208CFB870FD}.Debug|Any CPU.Build.0 = Debug|Any CPU
		{CF5A22BA-917F-46D9-8DA2-9208CFB870FD}.Release|Any CPU.ActiveCfg = Release|Any CPU
		{CF5A22BA-917F-46D9-8DA2-9208CFB870FD}.Release|Any CPU.Build.0 = Release|Any CPU
	EndGlobalSection
	GlobalSection(SolutionProperties) = preSolution
		HideSolutionNode = FALSE
	EndGlobalSection
EndGlobal
